Microsoft Visual Studio Solution File, Format Version 12.00
# Visual Studio Version 17
VisualStudioVersion = 17.5.2.0
MinimumVisualStudioVersion = 10.0.40219.1
Project("{FAE04EC0-301F-11D3-BF4B-00C04F79EFBC}") = "OpenCart", "OpenCart.csproj", "{F13F2DF6-4914-C24D-F902-95D19663E627}"
EndProject
Global
	GlobalSection(SolutionConfigurationPlatforms) = preSolution
		Debug|Any CPU = Debug|Any CPU
		Release|Any CPU = Release|Any CPU
	EndGlobalSection
	GlobalSection(ProjectConfigurationPlatforms) = postSolution
		{F13F2DF6-4914-C24D-F902-95D19663E627}.Debug|Any CPU.ActiveCfg = Debug|Any CPU
		{F13F2DF6-4914-C24D-F902-95D19663E627}.Debug|Any CPU.Build.0 = Debug|Any CPU
		{F13F2DF6-4914-C24D-F902-95D19663E627}.Release|Any CPU.ActiveCfg = Release|Any CPU
		{F13F2DF6-4914-C24D-F902-95D19663E627}.Release|Any CPU.Build.0 = Release|Any CPU
	EndGlobalSection
	GlobalSection(SolutionProperties) = preSolution
		HideSolutionNode = FALSE
	EndGlobalSection
	GlobalSection(ExtensibilityGlobals) = postSolution
		SolutionGuid = {F22BFC40-A107-4CD2-91BE-6E35A0C96564}
	EndGlobalSection
EndGlobal
